// !$*UTF8*$!
{
	archiveVersion = 1;
	classes = {
	};
	objectVersion = 55;
	objects = {

/* Begin PBXBuildFile section */
		C4E7B6BA275BF8C400CD1E4F /* ViewController1.swift in Sources */ = {isa = PBXBuildFile; fileRef = C4E7B6B9275BF8C400CD1E4F /* ViewController1.swift */; };
		C4E8B2D8275A8606006C49DB /* AppDelegate.swift in Sources */ = {isa = PBXBuildFile; fileRef = C4E8B2D7275A8606006C49DB /* AppDelegate.swift */; };
		C4E8B2DA275A8606006C49DB /* SceneDelegate.swift in Sources */ = {isa = PBXBuildFile; fileRef = C4E8B2D9275A8606006C49DB /* SceneDelegate.swift */; };
		C4E8B2DC275A8606006C49DB /* ViewController.swift in Sources */ = {isa = PBXBuildFile; fileRef = C4E8B2DB275A8606006C49DB /* ViewController.swift */; };
		C4E8B2DF275A8606006C49DB /* Main.storyboard in Resources */ = {isa = PBXBuildFile; fileRef = C4E8B2DD275A8606006C49DB /* Main.storyboard */; };
		C4E8B2E1275A8607006C49DB /* Assets.xcassets in Resources */ = {isa = PBXBuildFile; fileRef = C4E8B2E0275A8607006C49DB /* Assets.xcassets */; };
		C4E8B2E4275A8607006C49DB /* LaunchScreen.storyboard in Resources */ = {isa = PBXBuildFile; fileRef = C4E8B2E2275A8607006C49DB /* LaunchScreen.storyboard */; };
		C4E8B2EE275AA192006C49DB /* nb_green.jpg in Resources */ = {isa = PBXBuildFile; fileRef = C4E8B2EB275AA192006C49DB /* nb_green.jpg */; };
		C4E8B2EF275AA192006C49DB /* nb_pink.jpg in Resources */ = {isa = PBXBuildFile; fileRef = C4E8B2EC275AA192006C49DB /* nb_pink.jpg */; };
		C4E8B2F0275AA192006C49DB /* nb_grey.jpg in Resources */ = {isa = PBXBuildFile; fileRef = C4E8B2ED275AA192006C49DB /* nb_grey.jpg */; };
		C4E8B2F2275ACAF3006C49DB /* ViewControllerCart.swift in Sources */ = {isa = PBXBuildFile; fileRef = C4E8B2F1275ACAF3006C49DB /* ViewControllerCart.swift */; };
/* End PBXBuildFile section */

/* Begin PBXFileReference section */
		C4E7B6B9275BF8C400CD1E4F /* ViewController1.swift */ = {isa = PBXFileReference; lastKnownFileType = sourcecode.swift; path = ViewController1.swift; sourceTree = "<group>"; };
		C4E8B2D4275A8606006C49DB /* Lesson 7 DZ.app */ = {isa = PBXFileReference; explicitFileType = wrapper.application; includeInIndex = 0; path = "Lesson 7 DZ.app"; sourceTree = BUILT_PRODUCTS_DIR; };
		C4E8B2D7275A8606006C49DB /* AppDelegate.swift */ = {isa = PBXFileReference; lastKnownFileType = sourcecode.swift; path = AppDelegate.swift; sourceTree = "<group>"; };
		C4E8B2D9275A8606006C49DB /* SceneDelegate.swift */ = {isa = PBXFileReference; lastKnownFileType = sourcecode.swift; path = SceneDelegate.swift; sourceTree = "<group>"; };
		C4E8B2DB275A8606006C49DB /* ViewController.swift */ = {isa = PBXFileReference; lastKnownFileType = sourcecode.swift; path = ViewController.swift; sourceTree = "<group>"; };
		C4E8B2DE275A8606006C49DB /* Base */ = {isa = PBXFileReference; lastKnownFileType = file.storyboard; name = Base; path = Base.lproj/Main.storyboard; sourceTree = "<group>"; };
		C4E8B2E0275A8607006C49DB /* Assets.xcassets */ = {isa = PBXFileReference; lastKnownFileType = folder.assetcatalog; path = Assets.xcassets; sourceTree = "<group>"; };
		C4E8B2E3275A8607006C49DB /* Base */ = {isa = PBXFileReference; lastKnownFileType = file.storyboard; name = Base; path = Base.lproj/LaunchScreen.storyboard; sourceTree = "<group>"; };
		C4E8B2E5275A8607006C49DB /* Info.plist */ = {isa = PBXFileReference; lastKnownFileType = text.plist.xml; path = Info.plist; sourceTree = "<group>"; };
		C4E8B2EB275AA192006C49DB /* nb_green.jpg */ = {isa = PBXFileReference; lastKnownFileType = image.jpeg; path = nb_green.jpg; sourceTree = "<group>"; };
		C4E8B2EC275AA192006C49DB /* nb_pink.jpg */ = {isa = PBXFileReference; lastKnownFileType = image.jpeg; path = nb_pink.jpg; sourceTree = "<group>"; };
		C4E8B2ED275AA192006C49DB /* nb_grey.jpg */ = {isa = PBXFileReference; lastKnownFileType = image.jpeg; path = nb_grey.jpg; sourceTree = "<group>"; };
		C4E8B2F1275ACAF3006C49DB /* ViewControllerCart.swift */ = {isa = PBXFileReference; lastKnownFileType = sourcecode.swift; path = ViewControllerCart.swift; sourceTree = "<group>"; };
/* End PBXFileReference section */

/* Begin PBXFrameworksBuildPhase section */
		C4E8B2D1275A8606006C49DB /* Frameworks */ = {
			isa = PBXFrameworksBuildPhase;
			buildActionMask = 2147483647;
			files = (
			);
			runOnlyForDeploymentPostprocessing = 0;
		};
/* End PBXFrameworksBuildPhase section */

/* Begin PBXGroup section */
		C4E8B2CB275A8606006C49DB = {
			isa = PBXGroup;
			children = (
				C4E8B2D6275A8606006C49DB /* Lesson 7 DZ */,
				C4E8B2D5275A8606006C49DB /* Products */,
			);
			sourceTree = "<group>";
		};
		C4E8B2D5275A8606006C49DB /* Products */ = {
			isa = PBXGroup;
			children = (
				C4E8B2D4275A8606006C49DB /* Lesson 7 DZ.app */,
			);
			name = Products;
			sourceTree = "<group>";
		};
		C4E8B2D6275A8606006C49DB /* Lesson 7 DZ */ = {
			isa = PBXGroup;
			children = (
				C4E8B2D7275A8606006C49DB /* AppDelegate.swift */,
				C4E8B2D9275A8606006C49DB /* SceneDelegate.swift */,
				C4E8B2DB275A8606006C49DB /* ViewController.swift */,
				C4E7B6B9275BF8C400CD1E4F /* ViewController1.swift */,
				C4E8B2F1275ACAF3006C49DB /* ViewControllerCart.swift */,
				C4E8B2EB275AA192006C49DB /* nb_green.jpg */,
				C4E8B2ED275AA192006C49DB /* nb_grey.jpg */,
				C4E8B2EC275AA192006C49DB /* nb_pink.jpg */,
				C4E8B2DD275A8606006C49DB /* Main.storyboard */,
				C4E8B2E0275A8607006C49DB /* Assets.xcassets */,
				C4E8B2E2275A8607006C49DB /* LaunchScreen.storyboard */,
				C4E8B2E5275A8607006C49DB /* Info.plist */,
			);
			path = "Lesson 7 DZ";
			sourceTree = "<group>";
		};
/* End PBXGroup section */

/* Begin PBXNativeTarget section */
		C4E8B2D3275A8606006C49DB /* Lesson 7 DZ */ = {
			isa = PBXNativeTarget;
			buildConfigurationList = C4E8B2E8275A8607006C49DB /* Build configuration list for PBXNativeTarget "Lesson 7 DZ" */;
			buildPhases = (
				C4E8B2D0275A8606006C49DB /* Sources */,
				C4E8B2D1275A8606006C49DB /* Frameworks */,
				C4E8B2D2275A8606006C49DB /* Resources */,
			);
			buildRules = (
			);
			dependencies = (
			);
			name = "Lesson 7 DZ";
			productName = "Lesson 7 DZ";
			productReference = C4E8B2D4275A8606006C49DB /* Lesson 7 DZ.app */;
			productType = "com.apple.product-type.application";
		};
/* End PBXNativeTarget section */

/* Begin PBXProject section */
		C4E8B2CC275A8606006C49DB /* Project object */ = {
			isa = PBXProject;
			attributes = {
				BuildIndependentTargetsInParallel = 1;
				LastSwiftUpdateCheck = 1310;
				LastUpgradeCheck = 1310;
				TargetAttributes = {
					C4E8B2D3275A8606006C49DB = {
						CreatedOnToolsVersion = 13.1;
					};
				};
			};
			buildConfigurationList = C4E8B2CF275A8606006C49DB /* Build configuration list for PBXProject "Lesson 7 DZ" */;
			compatibilityVersion = "Xcode 13.0";
			developmentRegion = en;
			hasScannedForEncodings = 0;
			knownRegions = (
				en,
				Base,
			);
			mainGroup = C4E8B2CB275A8606006C49DB;
			productRefGroup = C4E8B2D5275A8606006C49DB /* Products */;
			projectDirPath = "";
			projectRoot = "";
			targets = (
				C4E8B2D3275A8606006C49DB /* Lesson 7 DZ */,
			);
		};
/* End PBXProject section */

/* Begin PBXResourcesBuildPhase section */
		C4E8B2D2275A8606006C49DB /* Resources */ = {
			isa = PBXResourcesBuildPhase;
			buildActionMask = 2147483647;
			files = (
				C4E8B2E4275A8607006C49DB /* LaunchScreen.storyboard in Resources */,
				C4E8B2E1275A8607006C49DB /* Assets.xcassets in Resources */,
				C4E8B2F0275AA192006C49DB /* nb_grey.jpg in Resources */,
				C4E8B2DF275A8606006C49DB /* Main.storyboard in Resources */,
				C4E8B2EF275AA192006C49DB /* nb_pink.jpg in Resources */,
				C4E8B2EE275AA192006C49DB /* nb_green.jpg in Resources */,
			);
			runOnlyForDeploymentPostprocessing = 0;
		};
/* End PBXResourcesBuildPhase section */

/* Begin PBXSourcesBuildPhase section */
		C4E8B2D0275A8606006C49DB /* Sources */ = {
			isa = PBXSourcesBuildPhase;
			buildActionMask = 2147483647;
			files = (
				C4E8B2F2275ACAF3006C49DB /* ViewControllerCart.swift in Sources */,
				C4E7B6BA275BF8C400CD1E4F /* ViewController1.swift in Sources */,
				C4E8B2DC275A8606006C49DB /* ViewController.swift in Sources */,
				C4E8B2D8275A8606006C49DB /* AppDelegate.swift in Sources */,
				C4E8B2DA275A8606006C49DB /* SceneDelegate.swift in Sources */,
			);
			runOnlyForDeploymentPostprocessing = 0;
		};
/* End PBXSourcesBuildPhase section */

/* Begin PBXVariantGroup section */
		C4E8B2DD275A8606006C49DB /* Main.storyboard */ = {
			isa = PBXVariantGroup;
			children = (
				C4E8B2DE275A8606006C49DB /* Base */,
			);
			name = Main.storyboard;
			sourceTree = "<group>";
		};
		C4E8B2E2275A8607006C49DB /* LaunchScreen.storyboard */ = {
			isa = PBXVariantGroup;
			children = (
				C4E8B2E3275A8607006C49DB /* Base */,
			);
			name = LaunchScreen.storyboard;
			sourceTree = "<group>";
		};
/* End PBXVariantGroup section */

/* Begin XCBuildConfiguration section */
		C4E8B2E6275A8607006C49DB /* Debug */ = {
			isa = XCBuildConfiguration;
			buildSettings = {
				ALWAYS_SEARCH_USER_PATHS = NO;
				CLANG_ANALYZER_NONNULL = YES;
				CLANG_ANALYZER_NUMBER_OBJECT_CONVERSION = YES_AGGRESSIVE;
				CLANG_CXX_LANGUAGE_STANDARD = "gnu++17";
				CLANG_CXX_LIBRARY = "libc++";
				CLANG_ENABLE_MODULES = YES;
				CLANG_ENABLE_OBJC_ARC = YES;
				CLANG_ENABLE_OBJC_WEAK = YES;
				CLANG_WARN_BLOCK_CAPTURE_AUTORELEASING = YES;
				CLANG_WARN_BOOL_CONVERSION = YES;
				CLANG_WARN_COMMA = YES;
				CLANG_WARN_CONSTANT_CONVERSION = YES;
				CLANG_WARN_DEPRECATED_OBJC_IMPLEMENTATIONS = YES;
				CLANG_WARN_DIRECT_OBJC_ISA_USAGE = YES_ERROR;
				CLANG_WARN_DOCUMENTATION_COMMENTS = YES;
				CLANG_WARN_EMPTY_BODY = YES;
				CLANG_WARN_ENUM_CONVERSION = YES;
				CLANG_WARN_INFINITE_RECURSION = YES;
				CLANG_WARN_INT_CONVERSION = YES;
				CLANG_WARN_NON_LITERAL_NULL_CONVERSION = YES;
				CLANG_WARN_OBJC_IMPLICIT_RETAIN_SELF = YES;
				CLANG_WARN_OBJC_LITERAL_CONVERSION = YES;
				CLANG_WARN_OBJC_ROOT_CLASS = YES_ERROR;
				CLANG_WARN_QUOTED_INCLUDE_IN_FRAMEWORK_HEADER = YES;
				CLANG_WARN_RANGE_LOOP_ANALYSIS = YES;
				CLANG_WARN_STRICT_PROTOTYPES = YES;
				CLANG_WARN_SUSPICIOUS_MOVE = YES;
				CLANG_WARN_UNGUARDED_AVAILABILITY = YES_AGGRESSIVE;
				CLANG_WARN_UNREACHABLE_CODE = YES;
				CLANG_WARN__DUPLICATE_METHOD_MATCH = YES;
				COPY_PHASE_STRIP = NO;
				DEBUG_INFORMATION_FORMAT = dwarf;
				ENABLE_STRICT_OBJC_MSGSEND = YES;
				ENABLE_TESTABILITY = YES;
				GCC_C_LANGUAGE_STANDARD = gnu11;
				GCC_DYNAMIC_NO_PIC = NO;
				GCC_NO_COMMON_BLOCKS = YES;
				GCC_OPTIMIZATION_LEVEL = 0;
				GCC_PREPROCESSOR_DEFINITIONS = (
					"DEBUG=1",
					"$(inherited)",
				);
				GCC_WARN_64_TO_32_BIT_CONVERSION = YES;
				GCC_WARN_ABOUT_RETURN_TYPE = YES_ERROR;
				GCC_WARN_UNDECLARED_SELECTOR = YES;
				GCC_WARN_UNINITIALIZED_AUTOS = YES_AGGRESSIVE;
				GCC_WARN_UNUSED_FUNCTION = YES;
				GCC_WARN_UNUSED_VARIABLE = YES;
				IPHONEOS_DEPLOYMENT_TARGET = 15.0;
				MTL_ENABLE_DEBUG_INFO = INCLUDE_SOURCE;
				MTL_FAST_MATH = YES;
				ONLY_ACTIVE_ARCH = YES;
				SDKROOT = iphoneos;
				SWIFT_ACTIVE_COMPILATION_CONDITIONS = DEBUG;
				SWIFT_OPTIMIZATION_LEVEL = "-Onone";
			};
			name = Debug;
		};
		C4E8B2E7275A8607006C49DB /* Release */ = {
			isa = XCBuildConfiguration;
			buildSettings = {
				ALWAYS_SEARCH_USER_PATHS = NO;
				CLANG_ANALYZER_NONNULL = YES;
				CLANG_ANALYZER_NUMBER_OBJECT_CONVERSION = YES_AGGRESSIVE;
				CLANG_CXX_LANGUAGE_STANDARD = "gnu++17";
				CLANG_CXX_LIBRARY = "libc++";
				CLANG_ENABLE_MODULES = YES;
				CLANG_ENABLE_OBJC_ARC = YES;
				CLANG_ENABLE_OBJC_WEAK = YES;
				CLANG_WARN_BLOCK_CAPTURE_AUTORELEASING = YES;
				CLANG_WARN_BOOL_CONVERSION = YES;
				CLANG_WARN_COMMA = YES;
				CLANG_WARN_CONSTANT_CONVERSION = YES;
				CLANG_WARN_DEPRECATED_OBJC_IMPLEMENTATIONS = YES;
				CLANG_WARN_DIRECT_OBJC_ISA_USAGE = YES_ERROR;
				CLANG_WARN_DOCUMENTATION_COMMENTS = YES;
				CLANG_WARN_EMPTY_BODY = YES;
				CLANG_WARN_ENUM_CONVERSION = YES;
				CLANG_WARN_INFINITE_RECURSION = YES;
				CLANG_WARN_INT_CONVERSION = YES;
				CLANG_WARN_NON_LITERAL_NULL_CONVERSION = YES;
				CLANG_WARN_OBJC_IMPLICIT_RETAIN_SELF = YES;
				CLANG_WARN_OBJC_LITERAL_CONVERSION = YES;
				CLANG_WARN_OBJC_ROOT_CLASS = YES_ERROR;
				CLANG_WARN_QUOTED_INCLUDE_IN_FRAMEWORK_HEADER = YES;
				CLANG_WARN_RANGE_LOOP_ANALYSIS = YES;
				CLANG_WARN_STRICT_PROTOTYPES = YES;
				CLANG_WARN_SUSPICIOUS_MOVE = YES;
				CLANG_WARN_UNGUARDED_AVAILABILITY = YES_AGGRESSIVE;
				CLANG_WARN_UNREACHABLE_CODE = YES;
				CLANG_WARN__DUPLICATE_METHOD_MATCH = YES;
				COPY_PHASE_STRIP = NO;
				DEBUG_INFORMATION_FORMAT = "dwarf-with-dsym";
				ENABLE_NS_ASSERTIONS = NO;
				ENABLE_STRICT_OBJC_MSGSEND = YES;
				GCC_C_LANGUAGE_STANDARD = gnu11;
				GCC_NO_COMMON_BLOCKS = YES;
				GCC_WARN_64_TO_32_BIT_CONVERSION = YES;
				GCC_WARN_ABOUT_RETURN_TYPE = YES_ERROR;
				GCC_WARN_UNDECLARED_SELECTOR = YES;
				GCC_WARN_UNINITIALIZED_AUTOS = YES_AGGRESSIVE;
				GCC_WARN_UNUSED_FUNCTION = YES;
				GCC_WARN_UNUSED_VARIABLE = YES;
				IPHONEOS_DEPLOYMENT_TARGET = 15.0;
				MTL_ENABLE_DEBUG_INFO = NO;
				MTL_FAST_MATH = YES;
				SDKROOT = iphoneos;
				SWIFT_COMPILATION_MODE = wholemodule;
				SWIFT_OPTIMIZATION_LEVEL = "-O";
				VALIDATE_PRODUCT = YES;
			};
			name = Release;
		};
		C4E8B2E9275A8607006C49DB /* Debug */ = {
			isa = XCBuildConfiguration;
			buildSettings = {
				ASSETCATALOG_COMPILER_APPICON_NAME = AppIcon;
				ASSETCATALOG_COMPILER_GLOBAL_ACCENT_COLOR_NAME = AccentColor;
				CODE_SIGN_STYLE = Automatic;
				CURRENT_PROJECT_VERSION = 1;
				DEVELOPMENT_TEAM = 34Q7SMW5N8;
				GENERATE_INFOPLIST_FILE = YES;
				INFOPLIST_FILE = "Lesson 7 DZ/Info.plist";
				INFOPLIST_KEY_UIApplicationSupportsIndirectInputEvents = YES;
				INFOPLIST_KEY_UILaunchStoryboardName = LaunchScreen;
				INFOPLIST_KEY_UIMainStoryboardFile = Main;
				INFOPLIST_KEY_UISupportedInterfaceOrientations_iPad = "UIInterfaceOrientationPortrait UIInterfaceOrientationPortraitUpsideDown UIInterfaceOrientationLandscapeLeft UIInterfaceOrientationLandscapeRight";
				INFOPLIST_KEY_UISupportedInterfaceOrientations_iPhone = "UIInterfaceOrientationPortrait UIInterfaceOrientationLandscapeLeft UIInterfaceOrientationLandscapeRight";
				LD_RUNPATH_SEARCH_PATHS = (
					"$(inherited)",
					"@executable_path/Frameworks",
				);
				MARKETING_VERSION = 1.0;
				PRODUCT_BUNDLE_IDENTIFIER = "YP.Lesson-7-DZ";
				PRODUCT_NAME = "$(TARGET_NAME)";
				SWIFT_EMIT_LOC_STRINGS = YES;
				SWIFT_VERSION = 5.0;
				TARGETED_DEVICE_FAMILY = 1;
			};
			name = Debug;
		};
		C4E8B2EA275A8607006C49DB /* Release */ = {
			isa = XCBuildConfiguration;
			buildSettings = {
				ASSETCATALOG_COMPILER_APPICON_NAME = AppIcon;
				ASSETCATALOG_COMPILER_GLOBAL_ACCENT_COLOR_NAME = AccentColor;
				CODE_SIGN_STYLE = Automatic;
				CURRENT_PROJECT_VERSION = 1;
				DEVELOPMENT_TEAM = 34Q7SMW5N8;
				GENERATE_INFOPLIST_FILE = YES;
				INFOPLIST_FILE = "Lesson 7 DZ/Info.plist";
				INFOPLIST_KEY_UIApplicationSupportsIndirectInputEvents = YES;
				INFOPLIST_KEY_UILaunchStoryboardName = LaunchScreen;
				INFOPLIST_KEY_UIMainStoryboardFile = Main;
				INFOPLIST_KEY_UISupportedInterfaceOrientations_iPad = "UIInterfaceOrientationPortrait UIInterfaceOrientationPortraitUpsideDown UIInterfaceOrientationLandscapeLeft UIInterfaceOrientationLandscapeRight";
				INFOPLIST_KEY_UISupportedInterfaceOrientations_iPhone = "UIInterfaceOrientationPortrait UIInterfaceOrientationLandscapeLeft UIInterfaceOrientationLandscapeRight";
				LD_RUNPATH_SEARCH_PATHS = (
					"$(inherited)",
					"@executable_path/Frameworks",
				);
				MARKETING_VERSION = 1.0;
				PRODUCT_BUNDLE_IDENTIFIER = "YP.Lesson-7-DZ";
				PRODUCT_NAME = "$(TARGET_NAME)";
				SWIFT_EMIT_LOC_STRINGS = YES;
				SWIFT_VERSION = 5.0;
				TARGETED_DEVICE_FAMILY = 1;
			};
			name = Release;
		};
/* End XCBuildConfiguration section */

/* Begin XCConfigurationList section */
		C4E8B2CF275A8606006C49DB /* Build configuration list for PBXProject "Lesson 7 DZ" */ = {
			isa = XCConfigurationList;
			buildConfigurations = (
				C4E8B2E6275A8607006C49DB /* Debug */,
				C4E8B2E7275A8607006C49DB /* Release */,
			);
			defaultConfigurationIsVisible = 0;
			defaultConfigurationName = Release;
		};
		C4E8B2E8275A8607006C49DB /* Build configuration list for PBXNativeTarget "Lesson 7 DZ" */ = {
			isa = XCConfigurationList;
			buildConfigurations = (
				C4E8B2E9275A8607006C49DB /* Debug */,
				C4E8B2EA275A8607006C49DB /* Release */,
			);
			defaultConfigurationIsVisible = 0;
			defaultConfigurationName = Release;
		};
/* End XCConfigurationList section */
	};
	rootObject = C4E8B2CC275A8606006C49DB /* Project object */;
}
